// !$*UTF8*$!
{
	archiveVersion = 1;
	classes = {
	};
	objectVersion = 50;
	objects = {

/* Begin PBXBuildFile section */
		84AE214D26BA85AA00EE47AB /* AppDelegate.swift in Sources */ = {isa = PBXBuildFile; fileRef = 84AE214C26BA85AA00EE47AB /* AppDelegate.swift */; };
		84AE214F26BA85AA00EE47AB /* SceneDelegate.swift in Sources */ = {isa = PBXBuildFile; fileRef = 84AE214E26BA85AA00EE47AB /* SceneDelegate.swift */; };
		84AE215126BA85AA00EE47AB /* ViewController.swift in Sources */ = {isa = PBXBuildFile; fileRef = 84AE215026BA85AA00EE47AB /* ViewController.swift */; };
		84AE215426BA85AA00EE47AB /* Main.storyboard in Resources */ = {isa = PBXBuildFile; fileRef = 84AE215226BA85AA00EE47AB /* Main.storyboard */; };
		84AE215626BA85AC00EE47AB /* Assets.xcassets in Resources */ = {isa = PBXBuildFile; fileRef = 84AE215526BA85AC00EE47AB /* Assets.xcassets */; };
		84AE215926BA85AC00EE47AB /* LaunchScreen.storyboard in Resources */ = {isa = PBXBuildFile; fileRef = 84AE215726BA85AC00EE47AB /* LaunchScreen.storyboard */; };
		84AE216426BA85AD00EE47AB /* NewsAppTests.swift in Sources */ = {isa = PBXBuildFile; fileRef = 84AE216326BA85AD00EE47AB /* NewsAppTests.swift */; };
		84AE216F26BA85AD00EE47AB /* NewsAppUITests.swift in Sources */ = {isa = PBXBuildFile; fileRef = 84AE216E26BA85AD00EE47AB /* NewsAppUITests.swift */; };
/* End PBXBuildFile section */

/* Begin PBXContainerItemProxy section */
		84AE216026BA85AD00EE47AB /* PBXContainerItemProxy */ = {
			isa = PBXContainerItemProxy;
			containerPortal = 84AE214126BA85AA00EE47AB /* Project object */;
			proxyType = 1;
			remoteGlobalIDString = 84AE214826BA85AA00EE47AB;
			remoteInfo = NewsApp;
		};
		84AE216B26BA85AD00EE47AB /* PBXContainerItemProxy */ = {
			isa = PBXContainerItemProxy;
			containerPortal = 84AE214126BA85AA00EE47AB /* Project object */;
			proxyType = 1;
			remoteGlobalIDString = 84AE214826BA85AA00EE47AB;
			remoteInfo = NewsApp;
		};
/* End PBXContainerItemProxy section */

/* Begin PBXFileReference section */
		84AE214926BA85AA00EE47AB /* NewsApp.app */ = {isa = PBXFileReference; explicitFileType = wrapper.application; includeInIndex = 0; path = NewsApp.app; sourceTree = BUILT_PRODUCTS_DIR; };
		84AE214C26BA85AA00EE47AB /* AppDelegate.swift */ = {isa = PBXFileReference; lastKnownFileType = sourcecode.swift; path = AppDelegate.swift; sourceTree = "<group>"; };
		84AE214E26BA85AA00EE47AB /* SceneDelegate.swift */ = {isa = PBXFileReference; lastKnownFileType = sourcecode.swift; path = SceneDelegate.swift; sourceTree = "<group>"; };
		84AE215026BA85AA00EE47AB /* ViewController.swift */ = {isa = PBXFileReference; lastKnownFileType = sourcecode.swift; path = ViewController.swift; sourceTree = "<group>"; };
		84AE215326BA85AA00EE47AB /* Base */ = {isa = PBXFileReference; lastKnownFileType = file.storyboard; name = Base; path = Base.lproj/Main.storyboard; sourceTree = "<group>"; };
		84AE215526BA85AC00EE47AB /* Assets.xcassets */ = {isa = PBXFileReference; lastKnownFileType = folder.assetcatalog; path = Assets.xcassets; sourceTree = "<group>"; };
		84AE215826BA85AC00EE47AB /* Base */ = {isa = PBXFileReference; lastKnownFileType = file.storyboard; name = Base; path = Base.lproj/LaunchScreen.storyboard; sourceTree = "<group>"; };
		84AE215A26BA85AC00EE47AB /* Info.plist */ = {isa = PBXFileReference; lastKnownFileType = text.plist.xml; path = Info.plist; sourceTree = "<group>"; };
		84AE215F26BA85AD00EE47AB /* NewsAppTests.xctest */ = {isa = PBXFileReference; explicitFileType = wrapper.cfbundle; includeInIndex = 0; path = NewsAppTests.xctest; sourceTree = BUILT_PRODUCTS_DIR; };
		84AE216326BA85AD00EE47AB /* NewsAppTests.swift */ = {isa = PBXFileReference; lastKnownFileType = sourcecode.swift; path = NewsAppTests.swift; sourceTree = "<group>"; };
		84AE216526BA85AD00EE47AB /* Info.plist */ = {isa = PBXFileReference; lastKnownFileType = text.plist.xml; path = Info.plist; sourceTree = "<group>"; };
		84AE216A26BA85AD00EE47AB /* NewsAppUITests.xctest */ = {isa = PBXFileReference; explicitFileType = wrapper.cfbundle; includeInIndex = 0; path = NewsAppUITests.xctest; sourceTree = BUILT_PRODUCTS_DIR; };
		84AE216E26BA85AD00EE47AB /* NewsAppUITests.swift */ = {isa = PBXFileReference; lastKnownFileType = sourcecode.swift; path = NewsAppUITests.swift; sourceTree = "<group>"; };
		84AE217026BA85AD00EE47AB /* Info.plist */ = {isa = PBXFileReference; lastKnownFileType = text.plist.xml; path = Info.plist; sourceTree = "<group>"; };
/* End PBXFileReference section */

/* Begin PBXFrameworksBuildPhase section */
		84AE214626BA85AA00EE47AB /* Frameworks */ = {
			isa = PBXFrameworksBuildPhase;
			buildActionMask = 2147483647;
			files = (
			);
			runOnlyForDeploymentPostprocessing = 0;
		};
		84AE215C26BA85AD00EE47AB /* Frameworks */ = {
			isa = PBXFrameworksBuildPhase;
			buildActionMask = 2147483647;
			files = (
			);
			runOnlyForDeploymentPostprocessing = 0;
		};
		84AE216726BA85AD00EE47AB /* Frameworks */ = {
			isa = PBXFrameworksBuildPhase;
			buildActionMask = 2147483647;
			files = (
			);
			runOnlyForDeploymentPostprocessing = 0;
		};
/* End PBXFrameworksBuildPhase section */

/* Begin PBXGroup section */
		84AE214026BA85AA00EE47AB = {
			isa = PBXGroup;
			children = (
				84AE214B26BA85AA00EE47AB /* NewsApp */,
				84AE216226BA85AD00EE47AB /* NewsAppTests */,
				84AE216D26BA85AD00EE47AB /* NewsAppUITests */,
				84AE214A26BA85AA00EE47AB /* Products */,
			);
			sourceTree = "<group>";
		};
		84AE214A26BA85AA00EE47AB /* Products */ = {
			isa = PBXGroup;
			children = (
				84AE214926BA85AA00EE47AB /* NewsApp.app */,
				84AE215F26BA85AD00EE47AB /* NewsAppTests.xctest */,
				84AE216A26BA85AD00EE47AB /* NewsAppUITests.xctest */,
			);
			name = Products;
			sourceTree = "<group>";
		};
		84AE214B26BA85AA00EE47AB /* NewsApp */ = {
			isa = PBXGroup;
			children = (
				84AE214C26BA85AA00EE47AB /* AppDelegate.swift */,
				84AE214E26BA85AA00EE47AB /* SceneDelegate.swift */,
				84AE215026BA85AA00EE47AB /* ViewController.swift */,
				84AE215226BA85AA00EE47AB /* Main.storyboard */,
				84AE215526BA85AC00EE47AB /* Assets.xcassets */,
				84AE215726BA85AC00EE47AB /* LaunchScreen.storyboard */,
				84AE215A26BA85AC00EE47AB /* Info.plist */,
			);
			path = NewsApp;
			sourceTree = "<group>";
		};
		84AE216226BA85AD00EE47AB /* NewsAppTests */ = {
			isa = PBXGroup;
			children = (
				84AE216326BA85AD00EE47AB /* NewsAppTests.swift */,
				84AE216526BA85AD00EE47AB /* Info.plist */,
			);
			path = NewsAppTests;
			sourceTree = "<group>";
		};
		84AE216D26BA85AD00EE47AB /* NewsAppUITests */ = {
			isa = PBXGroup;
			children = (
				84AE216E26BA85AD00EE47AB /* NewsAppUITests.swift */,
				84AE217026BA85AD00EE47AB /* Info.plist */,
			);
			path = NewsAppUITests;
			sourceTree = "<group>";
		};
/* End PBXGroup section */

/* Begin PBXNativeTarget section */
		84AE214826BA85AA00EE47AB /* NewsApp */ = {
			isa = PBXNativeTarget;
			buildConfigurationList = 84AE217326BA85AD00EE47AB /* Build configuration list for PBXNativeTarget "NewsApp" */;
			buildPhases = (
				84AE214526BA85AA00EE47AB /* Sources */,
				84AE214626BA85AA00EE47AB /* Frameworks */,
				84AE214726BA85AA00EE47AB /* Resources */,
			);
			buildRules = (
			);
			dependencies = (
			);
			name = NewsApp;
			productName = NewsApp;
			productReference = 84AE214926BA85AA00EE47AB /* NewsApp.app */;
			productType = "com.apple.product-type.application";
		};
		84AE215E26BA85AD00EE47AB /* NewsAppTests */ = {
			isa = PBXNativeTarget;
			buildConfigurationList = 84AE217626BA85AD00EE47AB /* Build configuration list for PBXNativeTarget "NewsAppTests" */;
			buildPhases = (
				84AE215B26BA85AD00EE47AB /* Sources */,
				84AE215C26BA85AD00EE47AB /* Frameworks */,
				84AE215D26BA85AD00EE47AB /* Resources */,
			);
			buildRules = (
			);
			dependencies = (
				84AE216126BA85AD00EE47AB /* PBXTargetDependency */,
			);
			name = NewsAppTests;
			productName = NewsAppTests;
			productReference = 84AE215F26BA85AD00EE47AB /* NewsAppTests.xctest */;
			productType = "com.apple.product-type.bundle.unit-test";
		};
		84AE216926BA85AD00EE47AB /* NewsAppUITests */ = {
			isa = PBXNativeTarget;
			buildConfigurationList = 84AE217926BA85AD00EE47AB /* Build configuration list for PBXNativeTarget "NewsAppUITests" */;
			buildPhases = (
				84AE216626BA85AD00EE47AB /* Sources */,
				84AE216726BA85AD00EE47AB /* Frameworks */,
				84AE216826BA85AD00EE47AB /* Resources */,
			);
			buildRules = (
			);
			dependencies = (
				84AE216C26BA85AD00EE47AB /* PBXTargetDependency */,
			);
			name = NewsAppUITests;
			productName = NewsAppUITests;
			productReference = 84AE216A26BA85AD00EE47AB /* NewsAppUITests.xctest */;
			productType = "com.apple.product-type.bundle.ui-testing";
		};
/* End PBXNativeTarget section */

/* Begin PBXProject section */
		84AE214126BA85AA00EE47AB /* Project object */ = {
			isa = PBXProject;
			attributes = {
				LastSwiftUpdateCheck = 1240;
				LastUpgradeCheck = 1240;
				TargetAttributes = {
					84AE214826BA85AA00EE47AB = {
						CreatedOnToolsVersion = 12.4;
					};
					84AE215E26BA85AD00EE47AB = {
						CreatedOnToolsVersion = 12.4;
						TestTargetID = 84AE214826BA85AA00EE47AB;
					};
					84AE216926BA85AD00EE47AB = {
						CreatedOnToolsVersion = 12.4;
						TestTargetID = 84AE214826BA85AA00EE47AB;
					};
				};
			};
			buildConfigurationList = 84AE214426BA85AA00EE47AB /* Build configuration list for PBXProject "NewsApp" */;
			compatibilityVersion = "Xcode 9.3";
			developmentRegion = en;
			hasScannedForEncodings = 0;
			knownRegions = (
				en,
				Base,
			);
			mainGroup = 84AE214026BA85AA00EE47AB;
			productRefGroup = 84AE214A26BA85AA00EE47AB /* Products */;
			projectDirPath = "";
			projectRoot = "";
			targets = (
				84AE214826BA85AA00EE47AB /* NewsApp */,
				84AE215E26BA85AD00EE47AB /* NewsAppTests */,
				84AE216926BA85AD00EE47AB /* NewsAppUITests */,
			);
		};
/* End PBXProject section */

/* Begin PBXResourcesBuildPhase section */
		84AE214726BA85AA00EE47AB /* Resources */ = {
			isa = PBXResourcesBuildPhase;
			buildActionMask = 2147483647;
			files = (
				84AE215926BA85AC00EE47AB /* LaunchScreen.storyboard in Resources */,
				84AE215626BA85AC00EE47AB /* Assets.xcassets in Resources */,
				84AE215426BA85AA00EE47AB /* Main.storyboard in Resources */,
			);
			runOnlyForDeploymentPostprocessing = 0;
		};
		84AE215D26BA85AD00EE47AB /* Resources */ = {
			isa = PBXResourcesBuildPhase;
			buildActionMask = 2147483647;
			files = (
			);
			runOnlyForDeploymentPostprocessing = 0;
		};
		84AE216826BA85AD00EE47AB /* Resources */ = {
			isa = PBXResourcesBuildPhase;
			buildActionMask = 2147483647;
			files = (
			);
			runOnlyForDeploymentPostprocessing = 0;
		};
/* End PBXResourcesBuildPhase section */

/* Begin PBXSourcesBuildPhase section */
		84AE214526BA85AA00EE47AB /* Sources */ = {
			isa = PBXSourcesBuildPhase;
			buildActionMask = 2147483647;
			files = (
				84AE215126BA85AA00EE47AB /* ViewController.swift in Sources */,
				84AE214D26BA85AA00EE47AB /* AppDelegate.swift in Sources */,
				84AE214F26BA85AA00EE47AB /* SceneDelegate.swift in Sources */,
			);
			runOnlyForDeploymentPostprocessing = 0;
		};
		84AE215B26BA85AD00EE47AB /* Sources */ = {
			isa = PBXSourcesBuildPhase;
			buildActionMask = 2147483647;
			files = (
				84AE216426BA85AD00EE47AB /* NewsAppTests.swift in Sources */,
			);
			runOnlyForDeploymentPostprocessing = 0;
		};
		84AE216626BA85AD00EE47AB /* Sources */ = {
			isa = PBXSourcesBuildPhase;
			buildActionMask = 2147483647;
			files = (
				84AE216F26BA85AD00EE47AB /* NewsAppUITests.swift in Sources */,
			);
			runOnlyForDeploymentPostprocessing = 0;
		};
/* End PBXSourcesBuildPhase section */

/* Begin PBXTargetDependency section */
		84AE216126BA85AD00EE47AB /* PBXTargetDependency */ = {
			isa = PBXTargetDependency;
			target = 84AE214826BA85AA00EE47AB /* NewsApp */;
			targetProxy = 84AE216026BA85AD00EE47AB /* PBXContainerItemProxy */;
		};
		84AE216C26BA85AD00EE47AB /* PBXTargetDependency */ = {
			isa = PBXTargetDependency;
			target = 84AE214826BA85AA00EE47AB /* NewsApp */;
			targetProxy = 84AE216B26BA85AD00EE47AB /* PBXContainerItemProxy */;
		};
/* End PBXTargetDependency section */

/* Begin PBXVariantGroup section */
		84AE215226BA85AA00EE47AB /* Main.storyboard */ = {
			isa = PBXVariantGroup;
			children = (
				84AE215326BA85AA00EE47AB /* Base */,
			);
			name = Main.storyboard;
			sourceTree = "<group>";
		};
		84AE215726BA85AC00EE47AB /* LaunchScreen.storyboard */ = {
			isa = PBXVariantGroup;
			children = (
				84AE215826BA85AC00EE47AB /* Base */,
			);
			name = LaunchScreen.storyboard;
			sourceTree = "<group>";
		};
/* End PBXVariantGroup section */

/* Begin XCBuildConfiguration section */
		84AE217126BA85AD00EE47AB /* Debug */ = {
			isa = XCBuildConfiguration;
			buildSettings = {
				ALWAYS_SEARCH_USER_PATHS = NO;
				CLANG_ANALYZER_NONNULL = YES;
				CLANG_ANALYZER_NUMBER_OBJECT_CONVERSION = YES_AGGRESSIVE;
				CLANG_CXX_LANGUAGE_STANDARD = "gnu++14";
				CLANG_CXX_LIBRARY = "libc++";
				CLANG_ENABLE_MODULES = YES;
				CLANG_ENABLE_OBJC_ARC = YES;
				CLANG_ENABLE_OBJC_WEAK = YES;
				CLANG_WARN_BLOCK_CAPTURE_AUTORELEASING = YES;
				CLANG_WARN_BOOL_CONVERSION = YES;
				CLANG_WARN_COMMA = YES;
				CLANG_WARN_CONSTANT_CONVERSION = YES;
				CLANG_WARN_DEPRECATED_OBJC_IMPLEMENTATIONS = YES;
				CLANG_WARN_DIRECT_OBJC_ISA_USAGE = YES_ERROR;
				CLANG_WARN_DOCUMENTATION_COMMENTS = YES;
				CLANG_WARN_EMPTY_BODY = YES;
				CLANG_WARN_ENUM_CONVERSION = YES;
				CLANG_WARN_INFINITE_RECURSION = YES;
				CLANG_WARN_INT_CONVERSION = YES;
				CLANG_WARN_NON_LITERAL_NULL_CONVERSION = YES;
				CLANG_WARN_OBJC_IMPLICIT_RETAIN_SELF = YES;
				CLANG_WARN_OBJC_LITERAL_CONVERSION = YES;
				CLANG_WARN_OBJC_ROOT_CLASS = YES_ERROR;
				CLANG_WARN_QUOTED_INCLUDE_IN_FRAMEWORK_HEADER = YES;
				CLANG_WARN_RANGE_LOOP_ANALYSIS = YES;
				CLANG_WARN_STRICT_PROTOTYPES = YES;
				CLANG_WARN_SUSPICIOUS_MOVE = YES;
				CLANG_WARN_UNGUARDED_AVAILABILITY = YES_AGGRESSIVE;
				CLANG_WARN_UNREACHABLE_CODE = YES;
				CLANG_WARN__DUPLICATE_METHOD_MATCH = YES;
				COPY_PHASE_STRIP = NO;
				DEBUG_INFORMATION_FORMAT = dwarf;
				ENABLE_STRICT_OBJC_MSGSEND = YES;
				ENABLE_TESTABILITY = YES;
				GCC_C_LANGUAGE_STANDARD = gnu11;
				GCC_DYNAMIC_NO_PIC = NO;
				GCC_NO_COMMON_BLOCKS = YES;
				GCC_OPTIMIZATION_LEVEL = 0;
				GCC_PREPROCESSOR_DEFINITIONS = (
					"DEBUG=1",
					"$(inherited)",
				);
				GCC_WARN_64_TO_32_BIT_CONVERSION = YES;
				GCC_WARN_ABOUT_RETURN_TYPE = YES_ERROR;
				GCC_WARN_UNDECLARED_SELECTOR = YES;
				GCC_WARN_UNINITIALIZED_AUTOS = YES_AGGRESSIVE;
				GCC_WARN_UNUSED_FUNCTION = YES;
				GCC_WARN_UNUSED_VARIABLE = YES;
				IPHONEOS_DEPLOYMENT_TARGET = 14.4;
				MTL_ENABLE_DEBUG_INFO = INCLUDE_SOURCE;
				MTL_FAST_MATH = YES;
				ONLY_ACTIVE_ARCH = YES;
				SDKROOT = iphoneos;
				SWIFT_ACTIVE_COMPILATION_CONDITIONS = DEBUG;
				SWIFT_OPTIMIZATION_LEVEL = "-Onone";
			};
			name = Debug;
		};
		84AE217226BA85AD00EE47AB /* Release */ = {
			isa = XCBuildConfiguration;
			buildSettings = {
				ALWAYS_SEARCH_USER_PATHS = NO;
				CLANG_ANALYZER_NONNULL = YES;
				CLANG_ANALYZER_NUMBER_OBJECT_CONVERSION = YES_AGGRESSIVE;
				CLANG_CXX_LANGUAGE_STANDARD = "gnu++14";
				CLANG_CXX_LIBRARY = "libc++";
				CLANG_ENABLE_MODULES = YES;
				CLANG_ENABLE_OBJC_ARC = YES;
				CLANG_ENABLE_OBJC_WEAK = YES;
				CLANG_WARN_BLOCK_CAPTURE_AUTORELEASING = YES;
				CLANG_WARN_BOOL_CONVERSION = YES;
				CLANG_WARN_COMMA = YES;
				CLANG_WARN_CONSTANT_CONVERSION = YES;
				CLANG_WARN_DEPRECATED_OBJC_IMPLEMENTATIONS = YES;
				CLANG_WARN_DIRECT_OBJC_ISA_USAGE = YES_ERROR;
				CLANG_WARN_DOCUMENTATION_COMMENTS = YES;
				CLANG_WARN_EMPTY_BODY = YES;
				CLANG_WARN_ENUM_CONVERSION = YES;
				CLANG_WARN_INFINITE_RECURSION = YES;
				CLANG_WARN_INT_CONVERSION = YES;
				CLANG_WARN_NON_LITERAL_NULL_CONVERSION = YES;
				CLANG_WARN_OBJC_IMPLICIT_RETAIN_SELF = YES;
				CLANG_WARN_OBJC_LITERAL_CONVERSION = YES;
				CLANG_WARN_OBJC_ROOT_CLASS = YES_ERROR;
				CLANG_WARN_QUOTED_INCLUDE_IN_FRAMEWORK_HEADER = YES;
				CLANG_WARN_RANGE_LOOP_ANALYSIS = YES;
				CLANG_WARN_STRICT_PROTOTYPES = YES;
				CLANG_WARN_SUSPICIOUS_MOVE = YES;
				CLANG_WARN_UNGUARDED_AVAILABILITY = YES_AGGRESSIVE;
				CLANG_WARN_UNREACHABLE_CODE = YES;
				CLANG_WARN__DUPLICATE_METHOD_MATCH = YES;
				COPY_PHASE_STRIP = NO;
				DEBUG_INFORMATION_FORMAT = "dwarf-with-dsym";
				ENABLE_NS_ASSERTIONS = NO;
				ENABLE_STRICT_OBJC_MSGSEND = YES;
				GCC_C_LANGUAGE_STANDARD = gnu11;
				GCC_NO_COMMON_BLOCKS = YES;
				GCC_WARN_64_TO_32_BIT_CONVERSION = YES;
				GCC_WARN_ABOUT_RETURN_TYPE = YES_ERROR;
				GCC_WARN_UNDECLARED_SELECTOR = YES;
				GCC_WARN_UNINITIALIZED_AUTOS = YES_AGGRESSIVE;
				GCC_WARN_UNUSED_FUNCTION = YES;
				GCC_WARN_UNUSED_VARIABLE = YES;
				IPHONEOS_DEPLOYMENT_TARGET = 14.4;
				MTL_ENABLE_DEBUG_INFO = NO;
				MTL_FAST_MATH = YES;
				SDKROOT = iphoneos;
				SWIFT_COMPILATION_MODE = wholemodule;
				SWIFT_OPTIMIZATION_LEVEL = "-O";
				VALIDATE_PRODUCT = YES;
			};
			name = Release;
		};
		84AE217426BA85AD00EE47AB /* Debug */ = {
			isa = XCBuildConfiguration;
			buildSettings = {
				ASSETCATALOG_COMPILER_APPICON_NAME = AppIcon;
				ASSETCATALOG_COMPILER_GLOBAL_ACCENT_COLOR_NAME = AccentColor;
				CODE_SIGN_STYLE = Automatic;
				DEVELOPMENT_TEAM = 9JBMJZPMBQ;
				INFOPLIST_FILE = NewsApp/Info.plist;
				LD_RUNPATH_SEARCH_PATHS = (
					"$(inherited)",
					"@executable_path/Frameworks",
				);
				PRODUCT_BUNDLE_IDENTIFIER = com.geektech.IOS.NewsApp;
				PRODUCT_NAME = "$(TARGET_NAME)";
				SWIFT_VERSION = 5.0;
				TARGETED_DEVICE_FAMILY = "1,2";
			};
			name = Debug;
		};
		84AE217526BA85AD00EE47AB /* Release */ = {
			isa = XCBuildConfiguration;
			buildSettings = {
				ASSETCATALOG_COMPILER_APPICON_NAME = AppIcon;
				ASSETCATALOG_COMPILER_GLOBAL_ACCENT_COLOR_NAME = AccentColor;
				CODE_SIGN_STYLE = Automatic;
				DEVELOPMENT_TEAM = 9JBMJZPMBQ;
				INFOPLIST_FILE = NewsApp/Info.plist;
				LD_RUNPATH_SEARCH_PATHS = (
					"$(inherited)",
					"@executable_path/Frameworks",
				);
				PRODUCT_BUNDLE_IDENTIFIER = com.geektech.IOS.NewsApp;
				PRODUCT_NAME = "$(TARGET_NAME)";
				SWIFT_VERSION = 5.0;
				TARGETED_DEVICE_FAMILY = "1,2";
			};
			name = Release;
		};
		84AE217726BA85AD00EE47AB /* Debug */ = {
			isa = XCBuildConfiguration;
			buildSettings = {
				ALWAYS_EMBED_SWIFT_STANDARD_LIBRARIES = YES;
				BUNDLE_LOADER = "$(TEST_HOST)";
				CODE_SIGN_STYLE = Automatic;
				DEVELOPMENT_TEAM = 9JBMJZPMBQ;
				INFOPLIST_FILE = NewsAppTests/Info.plist;
				IPHONEOS_DEPLOYMENT_TARGET = 14.4;
				LD_RUNPATH_SEARCH_PATHS = (
					"$(inherited)",
					"@executable_path/Frameworks",
					"@loader_path/Frameworks",
				);
				PRODUCT_BUNDLE_IDENTIFIER = com.geektech.IOS.NewsAppTests;
				PRODUCT_NAME = "$(TARGET_NAME)";
				SWIFT_VERSION = 5.0;
				TARGETED_DEVICE_FAMILY = "1,2";
				TEST_HOST = "$(BUILT_PRODUCTS_DIR)/NewsApp.app/NewsApp";
			};
			name = Debug;
		};
		84AE217826BA85AD00EE47AB /* Release */ = {
			isa = XCBuildConfiguration;
			buildSettings = {
				ALWAYS_EMBED_SWIFT_STANDARD_LIBRARIES = YES;
				BUNDLE_LOADER = "$(TEST_HOST)";
				CODE_SIGN_STYLE = Automatic;
				DEVELOPMENT_TEAM = 9JBMJZPMBQ;
				INFOPLIST_FILE = NewsAppTests/Info.plist;
				IPHONEOS_DEPLOYMENT_TARGET = 14.4;
				LD_RUNPATH_SEARCH_PATHS = (
					"$(inherited)",
					"@executable_path/Frameworks",
					"@loader_path/Frameworks",
				);
				PRODUCT_BUNDLE_IDENTIFIER = com.geektech.IOS.NewsAppTests;
				PRODUCT_NAME = "$(TARGET_NAME)";
				SWIFT_VERSION = 5.0;
				TARGETED_DEVICE_FAMILY = "1,2";
				TEST_HOST = "$(BUILT_PRODUCTS_DIR)/NewsApp.app/NewsApp";
			};
			name = Release;
		};
		84AE217A26BA85AD00EE47AB /* Debug */ = {
			isa = XCBuildConfiguration;
			buildSettings = {
				ALWAYS_EMBED_SWIFT_STANDARD_LIBRARIES = YES;
				CODE_SIGN_STYLE = Automatic;
				DEVELOPMENT_TEAM = 9JBMJZPMBQ;
				INFOPLIST_FILE = NewsAppUITests/Info.plist;
				LD_RUNPATH_SEARCH_PATHS = (
					"$(inherited)",
					"@executable_path/Frameworks",
					"@loader_path/Frameworks",
				);
				PRODUCT_BUNDLE_IDENTIFIER = com.geektech.IOS.NewsAppUITests;
				PRODUCT_NAME = "$(TARGET_NAME)";
				SWIFT_VERSION = 5.0;
				TARGETED_DEVICE_FAMILY = "1,2";
				TEST_TARGET_NAME = NewsApp;
			};
			name = Debug;
		};
		84AE217B26BA85AD00EE47AB /* Release */ = {
			isa = XCBuildConfiguration;
			buildSettings = {
				ALWAYS_EMBED_SWIFT_STANDARD_LIBRARIES = YES;
				CODE_SIGN_STYLE = Automatic;
				DEVELOPMENT_TEAM = 9JBMJZPMBQ;
				INFOPLIST_FILE = NewsAppUITests/Info.plist;
				LD_RUNPATH_SEARCH_PATHS = (
					"$(inherited)",
					"@executable_path/Frameworks",
					"@loader_path/Frameworks",
				);
				PRODUCT_BUNDLE_IDENTIFIER = com.geektech.IOS.NewsAppUITests;
				PRODUCT_NAME = "$(TARGET_NAME)";
				SWIFT_VERSION = 5.0;
				TARGETED_DEVICE_FAMILY = "1,2";
				TEST_TARGET_NAME = NewsApp;
			};
			name = Release;
		};
/* End XCBuildConfiguration section */

/* Begin XCConfigurationList section */
		84AE214426BA85AA00EE47AB /* Build configuration list for PBXProject "NewsApp" */ = {
			isa = XCConfigurationList;
			buildConfigurations = (
				84AE217126BA85AD00EE47AB /* Debug */,
				84AE217226BA85AD00EE47AB /* Release */,
			);
			defaultConfigurationIsVisible = 0;
			defaultConfigurationName = Release;
		};
		84AE217326BA85AD00EE47AB /* Build configuration list for PBXNativeTarget "NewsApp" */ = {
			isa = XCConfigurationList;
			buildConfigurations = (
				84AE217426BA85AD00EE47AB /* Debug */,
				84AE217526BA85AD00EE47AB /* Release */,
			);
			defaultConfigurationIsVisible = 0;
			defaultConfigurationName = Release;
		};
		84AE217626BA85AD00EE47AB /* Build configuration list for PBXNativeTarget "NewsAppTests" */ = {
			isa = XCConfigurationList;
			buildConfigurations = (
				84AE217726BA85AD00EE47AB /* Debug */,
				84AE217826BA85AD00EE47AB /* Release */,
			);
			defaultConfigurationIsVisible = 0;
			defaultConfigurationName = Release;
		};
		84AE217926BA85AD00EE47AB /* Build configuration list for PBXNativeTarget "NewsAppUITests" */ = {
			isa = XCConfigurationList;
			buildConfigurations = (
				84AE217A26BA85AD00EE47AB /* Debug */,
				84AE217B26BA85AD00EE47AB /* Release */,
			);
			defaultConfigurationIsVisible = 0;
			defaultConfigurationName = Release;
		};
/* End XCConfigurationList section */
	};
	rootObject = 84AE214126BA85AA00EE47AB /* Project object */;
}
